
Microsoft Visual Studio Solution File, Format Version 12.00
# Visual Studio Version 17
VisualStudioVersion = 17.10.35013.160
MinimumVisualStudioVersion = 10.0.40219.1
Project("{FAE04EC0-301F-11D3-BF4B-00C04F79EFBC}") = "Monogame Topic 3.5 - Drag and Drop", "Monogame Topic 3.5 - Drag and Drop.csproj", "{26BE97EB-8E6E-4942-B253-32F13D0B290A}"
EndProject
Global
	GlobalSection(SolutionConfigurationPlatforms) = preSolution
		Debug|Any CPU = Debug|Any CPU
		Release|Any CPU = Release|Any CPU
	EndGlobalSection
	GlobalSection(ProjectConfigurationPlatforms) = postSolution
		{26BE97EB-8E6E-4942-B253-32F13D0B290A}.Debug|Any CPU.ActiveCfg = Debug|Any CPU
		{26BE97EB-8E6E-4942-B253-32F13D0B290A}.Debug|Any CPU.Build.0 = Debug|Any CPU
		{26BE97EB-8E6E-4942-B253-32F13D0B290A}.Release|Any CPU.ActiveCfg = Release|Any CPU
		{26BE97EB-8E6E-4942-B253-32F13D0B290A}.Release|Any CPU.Build.0 = Release|Any CPU
	EndGlobalSection
	GlobalSection(SolutionProperties) = preSolution
		HideSolutionNode = FALSE
	EndGlobalSection
	GlobalSection(ExtensibilityGlobals) = postSolution
		SolutionGuid = {16AD3CCC-CC96-4A70-A6B4-2DC45C41AEF1}
	EndGlobalSection
EndGlobal
